# auto-generated by grc.converter

id: NTSC_transmitter_c
label: NTSC Transmitter C++
category: '[NTSC]'

parameters:
-   id: samp_rate
    label: Samp_rate
    dtype: float
    default: samp_rate

outputs:
-   domain: stream
    dtype: float

templates:
    imports: import gnuradio.NTSC as NTSC
    make: NTSC.transmitter_c(${samp_rate})

documentation: |-
    ------------ NTSC TRANSMITTER C++ -----------
              This block generates a black and white NTSC video signal from the image defined in the header file "image_matrix.h".

      --- INPUT ---
          "image_matrix.h" defines the displayed image as a float img_mat[240][360].
          img_mat[y][x] =  BW level of the pixel at (X, Y). (From Black = 0.0 to White = 1.0)

      --- OUTPUT ---
          * out0 : NTSC signal (c.f. protocol definition).

      --- PARAMETERS ---
          * Sample Rate : samp_rate.

      --- CODE DESCRIPTION ---
          The block generates the NTSC Signal using state machine (meta-state and sub-state).
          States defined in NTSC_Protocol_And_Signal_Description.jpg

file_format: 1
